
Microsoft Visual Studio Solution File, Format Version 12.00
# Visual Studio 15
VisualStudioVersion = 15.0.26730.0
MinimumVisualStudioVersion = 10.0.40219.1
Project("{9A19103F-16F7-4668-BE54-9A1E7A4F7556}") = "NetCoreLoggingInterface", "NetCoreLoggingInterface\NetCoreLoggingInterface.csproj", "{D16036E5-2E98-466B-B21E-09832DC7031A}"
EndProject
Project("{9A19103F-16F7-4668-BE54-9A1E7A4F7556}") = "NetCoreLogging", "NetCoreLogging\NetCoreLogging.csproj", "{BA184665-06C3-4DF7-B6B0-4A02333E7584}"
EndProject
Project("{9A19103F-16F7-4668-BE54-9A1E7A4F7556}") = "NetCoreLoggingTest", "NetCoreLoggingTest\NetCoreLoggingTest.csproj", "{EA0A369D-F41F-4FB6-AA22-C64C4D363531}"
EndProject
Global
	GlobalSection(SolutionConfigurationPlatforms) = preSolution
		Debug|Any CPU = Debug|Any CPU
		Release|Any CPU = Release|Any CPU
	EndGlobalSection
	GlobalSection(ProjectConfigurationPlatforms) = postSolution
		{D16036E5-2E98-466B-B21E-09832DC7031A}.Debug|Any CPU.ActiveCfg = Debug|Any CPU
		{D16036E5-2E98-466B-B21E-09832DC7031A}.Debug|Any CPU.Build.0 = Debug|Any CPU
		{D16036E5-2E98-466B-B21E-09832DC7031A}.Release|Any CPU.ActiveCfg = Release|Any CPU
		{D16036E5-2E98-466B-B21E-09832DC7031A}.Release|Any CPU.Build.0 = Release|Any CPU
		{BA184665-06C3-4DF7-B6B0-4A02333E7584}.Debug|Any CPU.ActiveCfg = Debug|Any CPU
		{BA184665-06C3-4DF7-B6B0-4A02333E7584}.Debug|Any CPU.Build.0 = Debug|Any CPU
		{BA184665-06C3-4DF7-B6B0-4A02333E7584}.Release|Any CPU.ActiveCfg = Release|Any CPU
		{BA184665-06C3-4DF7-B6B0-4A02333E7584}.Release|Any CPU.Build.0 = Release|Any CPU
		{EA0A369D-F41F-4FB6-AA22-C64C4D363531}.Debug|Any CPU.ActiveCfg = Debug|Any CPU
		{EA0A369D-F41F-4FB6-AA22-C64C4D363531}.Debug|Any CPU.Build.0 = Debug|Any CPU
		{EA0A369D-F41F-4FB6-AA22-C64C4D363531}.Release|Any CPU.ActiveCfg = Release|Any CPU
		{EA0A369D-F41F-4FB6-AA22-C64C4D363531}.Release|Any CPU.Build.0 = Release|Any CPU
	EndGlobalSection
	GlobalSection(SolutionProperties) = preSolution
		HideSolutionNode = FALSE
	EndGlobalSection
	GlobalSection(ExtensibilityGlobals) = postSolution
		SolutionGuid = {2D5F52C2-C157-4ABF-958D-1E40163B72DD}
	EndGlobalSection
EndGlobal
